
Microsoft Visual Studio Solution File, Format Version 12.00
# Visual Studio Version 17
VisualStudioVersion = 17.11.35312.102
MinimumVisualStudioVersion = 10.0.40219.1
Project("{FAE04EC0-301F-11D3-BF4B-00C04F79EFBC}") = "MultiParser", "MultiParser.csproj", "{70E1728F-8F8F-4F65-BE56-07080C42E652}"
EndProject
Global
	GlobalSection(SolutionConfigurationPlatforms) = preSolution
		Debug|Any CPU = Debug|Any CPU
		Release|Any CPU = Release|Any CPU
	EndGlobalSection
	GlobalSection(ProjectConfigurationPlatforms) = postSolution
		{70E1728F-8F8F-4F65-BE56-07080C42E652}.Debug|Any CPU.ActiveCfg = Debug|Any CPU
		{70E1728F-8F8F-4F65-BE56-07080C42E652}.Debug|Any CPU.Build.0 = Debug|Any CPU
		{70E1728F-8F8F-4F65-BE56-07080C42E652}.Release|Any CPU.ActiveCfg = Release|Any CPU
		{70E1728F-8F8F-4F65-BE56-07080C42E652}.Release|Any CPU.Build.0 = Release|Any CPU
	EndGlobalSection
	GlobalSection(SolutionProperties) = preSolution
		HideSolutionNode = FALSE
	EndGlobalSection
	GlobalSection(ExtensibilityGlobals) = postSolution
		SolutionGuid = {585D5FF6-626D-43C4-8FDF-097DC0B2D2C6}
	EndGlobalSection
EndGlobal
